Microsoft Visual Studio Solution File, Format Version 12.00
# Visual Studio 15
VisualStudioVersion = 15.0.27004.2010
MinimumVisualStudioVersion = 10.0.40219.1
Project("{9A19103F-16F7-4668-BE54-9A1E7A4F7556}") = "PowderBot", "PowderBot\PowderBot.csproj", "{E9F2EC01-B771-489D-B677-5AB0F6C0DABE}"
EndProject
Project("{9A19103F-16F7-4668-BE54-9A1E7A4F7556}") = "ApiTypes", "ApiTypes\ApiTypes.csproj", "{E2A92BC8-8AAC-4F12-AF8C-C63F8A8D5953}"
EndProject
Project("{9A19103F-16F7-4668-BE54-9A1E7A4F7556}") = "Data", "Data\Data.csproj", "{1A61CF17-9731-450B-9362-290914860C4A}"
EndProject
Project("{9A19103F-16F7-4668-BE54-9A1E7A4F7556}") = "BusinessLogic", "BusinessLogic\BusinessLogic.csproj", "{3CD137DB-DC3A-4E9B-B410-0C3AF2E4DC9E}"
EndProject
Project("{9A19103F-16F7-4668-BE54-9A1E7A4F7556}") = "WebClient", "WebClient\WebClient.csproj", "{FB515B38-4A72-41BD-932C-BAD07B3E92F5}"
EndProject
Project("{9A19103F-16F7-4668-BE54-9A1E7A4F7556}") = "Common", "Common\Common.csproj", "{F6C66306-E6DC-48A1-9A01-989B0430D11B}"
EndProject
Project("{9A19103F-16F7-4668-BE54-9A1E7A4F7556}") = "UnitTests", "UnitTests\UnitTests.csproj", "{89AC386F-17A8-4AD7-A61B-E0E49FE05D08}"
EndProject
Global
	GlobalSection(SolutionConfigurationPlatforms) = preSolution
		Debug|Any CPU = Debug|Any CPU
		Debug|x64 = Debug|x64
		Debug|x86 = Debug|x86
		Release|Any CPU = Release|Any CPU
		Release|x64 = Release|x64
		Release|x86 = Release|x86
	EndGlobalSection
	GlobalSection(ProjectConfigurationPlatforms) = postSolution
		{E9F2EC01-B771-489D-B677-5AB0F6C0DABE}.Debug|Any CPU.ActiveCfg = Debug|Any CPU
		{E9F2EC01-B771-489D-B677-5AB0F6C0DABE}.Debug|Any CPU.Build.0 = Debug|Any CPU
		{E9F2EC01-B771-489D-B677-5AB0F6C0DABE}.Debug|x64.ActiveCfg = Debug|Any CPU
		{E9F2EC01-B771-489D-B677-5AB0F6C0DABE}.Debug|x64.Build.0 = Debug|Any CPU
		{E9F2EC01-B771-489D-B677-5AB0F6C0DABE}.Debug|x86.ActiveCfg = Debug|Any CPU
		{E9F2EC01-B771-489D-B677-5AB0F6C0DABE}.Debug|x86.Build.0 = Debug|Any CPU
		{E9F2EC01-B771-489D-B677-5AB0F6C0DABE}.Release|Any CPU.ActiveCfg = Release|Any CPU
		{E9F2EC01-B771-489D-B677-5AB0F6C0DABE}.Release|Any CPU.Build.0 = Release|Any CPU
		{E9F2EC01-B771-489D-B677-5AB0F6C0DABE}.Release|x64.ActiveCfg = Release|Any CPU
		{E9F2EC01-B771-489D-B677-5AB0F6C0DABE}.Release|x64.Build.0 = Release|Any CPU
		{E9F2EC01-B771-489D-B677-5AB0F6C0DABE}.Release|x86.ActiveCfg = Release|Any CPU
		{E9F2EC01-B771-489D-B677-5AB0F6C0DABE}.Release|x86.Build.0 = Release|Any CPU
		{E2A92BC8-8AAC-4F12-AF8C-C63F8A8D5953}.Debug|Any CPU.ActiveCfg = Debug|Any CPU
		{E2A92BC8-8AAC-4F12-AF8C-C63F8A8D5953}.Debug|Any CPU.Build.0 = Debug|Any CPU
		{E2A92BC8-8AAC-4F12-AF8C-C63F8A8D5953}.Debug|x64.ActiveCfg = Debug|Any CPU
		{E2A92BC8-8AAC-4F12-AF8C-C63F8A8D5953}.Debug|x64.Build.0 = Debug|Any CPU
		{E2A92BC8-8AAC-4F12-AF8C-C63F8A8D5953}.Debug|x86.ActiveCfg = Debug|Any CPU
		{E2A92BC8-8AAC-4F12-AF8C-C63F8A8D5953}.Debug|x86.Build.0 = Debug|Any CPU
		{E2A92BC8-8AAC-4F12-AF8C-C63F8A8D5953}.Release|Any CPU.ActiveCfg = Release|Any CPU
		{E2A92BC8-8AAC-4F12-AF8C-C63F8A8D5953}.Release|Any CPU.Build.0 = Release|Any CPU
		{E2A92BC8-8AAC-4F12-AF8C-C63F8A8D5953}.Release|x64.ActiveCfg = Release|Any CPU
		{E2A92BC8-8AAC-4F12-AF8C-C63F8A8D5953}.Release|x64.Build.0 = Release|Any CPU
		{E2A92BC8-8AAC-4F12-AF8C-C63F8A8D5953}.Release|x86.ActiveCfg = Release|Any CPU
		{E2A92BC8-8AAC-4F12-AF8C-C63F8A8D5953}.Release|x86.Build.0 = Release|Any CPU
		{1A61CF17-9731-450B-9362-290914860C4A}.Debug|Any CPU.ActiveCfg = Debug|Any CPU
		{1A61CF17-9731-450B-9362-290914860C4A}.Debug|Any CPU.Build.0 = Debug|Any CPU
		{1A61CF17-9731-450B-9362-290914860C4A}.Debug|x64.ActiveCfg = Debug|Any CPU
		{1A61CF17-9731-450B-9362-290914860C4A}.Debug|x64.Build.0 = Debug|Any CPU
		{1A61CF17-9731-450B-9362-290914860C4A}.Debug|x86.ActiveCfg = Debug|Any CPU
		{1A61CF17-9731-450B-9362-290914860C4A}.Debug|x86.Build.0 = Debug|Any CPU
		{1A61CF17-9731-450B-9362-290914860C4A}.Release|Any CPU.ActiveCfg = Release|Any CPU
		{1A61CF17-9731-450B-9362-290914860C4A}.Release|Any CPU.Build.0 = Release|Any CPU
		{1A61CF17-9731-450B-9362-290914860C4A}.Release|x64.ActiveCfg = Release|Any CPU
		{1A61CF17-9731-450B-9362-290914860C4A}.Release|x64.Build.0 = Release|Any CPU
		{1A61CF17-9731-450B-9362-290914860C4A}.Release|x86.ActiveCfg = Release|Any CPU
		{1A61CF17-9731-450B-9362-290914860C4A}.Release|x86.Build.0 = Release|Any CPU
		{3CD137DB-DC3A-4E9B-B410-0C3AF2E4DC9E}.Debug|Any CPU.ActiveCfg = Debug|Any CPU
		{3CD137DB-DC3A-4E9B-B410-0C3AF2E4DC9E}.Debug|Any CPU.Build.0 = Debug|Any CPU
		{3CD137DB-DC3A-4E9B-B410-0C3AF2E4DC9E}.Debug|x64.ActiveCfg = Debug|Any CPU
		{3CD137DB-DC3A-4E9B-B410-0C3AF2E4DC9E}.Debug|x64.Build.0 = Debug|Any CPU
		{3CD137DB-DC3A-4E9B-B410-0C3AF2E4DC9E}.Debug|x86.ActiveCfg = Debug|Any CPU
		{3CD137DB-DC3A-4E9B-B410-0C3AF2E4DC9E}.Debug|x86.Build.0 = Debug|Any CPU
		{3CD137DB-DC3A-4E9B-B410-0C3AF2E4DC9E}.Release|Any CPU.ActiveCfg = Release|Any CPU
		{3CD137DB-DC3A-4E9B-B410-0C3AF2E4DC9E}.Release|Any CPU.Build.0 = Release|Any CPU
		{3CD137DB-DC3A-4E9B-B410-0C3AF2E4DC9E}.Release|x64.ActiveCfg = Release|Any CPU
		{3CD137DB-DC3A-4E9B-B410-0C3AF2E4DC9E}.Release|x64.Build.0 = Release|Any CPU
		{3CD137DB-DC3A-4E9B-B410-0C3AF2E4DC9E}.Release|x86.ActiveCfg = Release|Any CPU
		{3CD137DB-DC3A-4E9B-B410-0C3AF2E4DC9E}.Release|x86.Build.0 = Release|Any CPU
		{FB515B38-4A72-41BD-932C-BAD07B3E92F5}.Debug|Any CPU.ActiveCfg = Debug|Any CPU
		{FB515B38-4A72-41BD-932C-BAD07B3E92F5}.Debug|Any CPU.Build.0 = Debug|Any CPU
		{FB515B38-4A72-41BD-932C-BAD07B3E92F5}.Debug|x64.ActiveCfg = Debug|Any CPU
		{FB515B38-4A72-41BD-932C-BAD07B3E92F5}.Debug|x64.Build.0 = Debug|Any CPU
		{FB515B38-4A72-41BD-932C-BAD07B3E92F5}.Debug|x86.ActiveCfg = Debug|Any CPU
		{FB515B38-4A72-41BD-932C-BAD07B3E92F5}.Debug|x86.Build.0 = Debug|Any CPU
		{FB515B38-4A72-41BD-932C-BAD07B3E92F5}.Release|Any CPU.ActiveCfg = Release|Any CPU
		{FB515B38-4A72-41BD-932C-BAD07B3E92F5}.Release|Any CPU.Build.0 = Release|Any CPU
		{FB515B38-4A72-41BD-932C-BAD07B3E92F5}.Release|x64.ActiveCfg = Release|Any CPU
		{FB515B38-4A72-41BD-932C-BAD07B3E92F5}.Release|x64.Build.0 = Release|Any CPU
		{FB515B38-4A72-41BD-932C-BAD07B3E92F5}.Release|x86.ActiveCfg = Release|Any CPU
		{FB515B38-4A72-41BD-932C-BAD07B3E92F5}.Release|x86.Build.0 = Release|Any CPU
		{F6C66306-E6DC-48A1-9A01-989B0430D11B}.Debug|Any CPU.ActiveCfg = Debug|Any CPU
		{F6C66306-E6DC-48A1-9A01-989B0430D11B}.Debug|Any CPU.Build.0 = Debug|Any CPU
		{F6C66306-E6DC-48A1-9A01-989B0430D11B}.Debug|x64.ActiveCfg = Debug|Any CPU
		{F6C66306-E6DC-48A1-9A01-989B0430D11B}.Debug|x64.Build.0 = Debug|Any CPU
		{F6C66306-E6DC-48A1-9A01-989B0430D11B}.Debug|x86.ActiveCfg = Debug|Any CPU
		{F6C66306-E6DC-48A1-9A01-989B0430D11B}.Debug|x86.Build.0 = Debug|Any CPU
		{F6C66306-E6DC-48A1-9A01-989B0430D11B}.Release|Any CPU.ActiveCfg = Release|Any CPU
		{F6C66306-E6DC-48A1-9A01-989B0430D11B}.Release|Any CPU.Build.0 = Release|Any CPU
		{F6C66306-E6DC-48A1-9A01-989B0430D11B}.Release|x64.ActiveCfg = Release|Any CPU
		{F6C66306-E6DC-48A1-9A01-989B0430D11B}.Release|x64.Build.0 = Release|Any CPU
		{F6C66306-E6DC-48A1-9A01-989B0430D11B}.Release|x86.ActiveCfg = Release|Any CPU
		{F6C66306-E6DC-48A1-9A01-989B0430D11B}.Release|x86.Build.0 = Release|Any CPU
		{89AC386F-17A8-4AD7-A61B-E0E49FE05D08}.Debug|Any CPU.ActiveCfg = Debug|Any CPU
		{89AC386F-17A8-4AD7-A61B-E0E49FE05D08}.Debug|Any CPU.Build.0 = Debug|Any CPU
		{89AC386F-17A8-4AD7-A61B-E0E49FE05D08}.Debug|x64.ActiveCfg = Debug|Any CPU
		{89AC386F-17A8-4AD7-A61B-E0E49FE05D08}.Debug|x64.Build.0 = Debug|Any CPU
		{89AC386F-17A8-4AD7-A61B-E0E49FE05D08}.Debug|x86.ActiveCfg = Debug|Any CPU
		{89AC386F-17A8-4AD7-A61B-E0E49FE05D08}.Debug|x86.Build.0 = Debug|Any CPU
		{89AC386F-17A8-4AD7-A61B-E0E49FE05D08}.Release|Any CPU.ActiveCfg = Release|Any CPU
		{89AC386F-17A8-4AD7-A61B-E0E49FE05D08}.Release|Any CPU.Build.0 = Release|Any CPU
		{89AC386F-17A8-4AD7-A61B-E0E49FE05D08}.Release|x64.ActiveCfg = Release|Any CPU
		{89AC386F-17A8-4AD7-A61B-E0E49FE05D08}.Release|x64.Build.0 = Release|Any CPU
		{89AC386F-17A8-4AD7-A61B-E0E49FE05D08}.Release|x86.ActiveCfg = Release|Any CPU
		{89AC386F-17A8-4AD7-A61B-E0E49FE05D08}.Release|x86.Build.0 = Release|Any CPU
	EndGlobalSection
	GlobalSection(SolutionProperties) = preSolution
		HideSolutionNode = FALSE
	EndGlobalSection
	GlobalSection(ExtensibilityGlobals) = postSolution
		SolutionGuid = {3A81A11F-CABC-4D21-90F0-106A097596F0}
	EndGlobalSection
EndGlobal
